
Microsoft Visual Studio Solution File, Format Version 12.00
# Visual Studio Version 16
VisualStudioVersion = 16.0.30309.148
MinimumVisualStudioVersion = 10.0.40219.1
Project("{9A19103F-16F7-4668-BE54-9A1E7A4F7556}") = "Challenge.Leet", "Challenge.Leet\Challenge.Leet.csproj", "{42CC981D-A51A-4EF3-B129-AE191CADA279}"
EndProject
Global
	GlobalSection(SolutionConfigurationPlatforms) = preSolution
		Debug|Any CPU = Debug|Any CPU
		Release|Any CPU = Release|Any CPU
	EndGlobalSection
	GlobalSection(ProjectConfigurationPlatforms) = postSolution
		{42CC981D-A51A-4EF3-B129-AE191CADA279}.Debug|Any CPU.ActiveCfg = Debug|Any CPU
		{42CC981D-A51A-4EF3-B129-AE191CADA279}.Debug|Any CPU.Build.0 = Debug|Any CPU
		{42CC981D-A51A-4EF3-B129-AE191CADA279}.Release|Any CPU.ActiveCfg = Release|Any CPU
		{42CC981D-A51A-4EF3-B129-AE191CADA279}.Release|Any CPU.Build.0 = Release|Any CPU
	EndGlobalSection
	GlobalSection(SolutionProperties) = preSolution
		HideSolutionNode = FALSE
	EndGlobalSection
	GlobalSection(ExtensibilityGlobals) = postSolution
		SolutionGuid = {2810D88D-A333-4759-B605-F460732E70E3}
	EndGlobalSection
EndGlobal
